
Microsoft Visual Studio Solution File, Format Version 12.00
# Visual Studio Version 17
VisualStudioVersion = 17.7.34024.191
MinimumVisualStudioVersion = 10.0.40219.1
Project("{FAE04EC0-301F-11D3-BF4B-00C04F79EFBC}") = "prints numbers from 0 to 100", "prints numbers from 0 to 100.csproj", "{DE01F9C6-F353-421A-B6A9-BA5462972031}"
EndProject
Global
	GlobalSection(SolutionConfigurationPlatforms) = preSolution
		Debug|Any CPU = Debug|Any CPU
		Release|Any CPU = Release|Any CPU
	EndGlobalSection
	GlobalSection(ProjectConfigurationPlatforms) = postSolution
		{DE01F9C6-F353-421A-B6A9-BA5462972031}.Debug|Any CPU.ActiveCfg = Debug|Any CPU
		{DE01F9C6-F353-421A-B6A9-BA5462972031}.Debug|Any CPU.Build.0 = Debug|Any CPU
		{DE01F9C6-F353-421A-B6A9-BA5462972031}.Release|Any CPU.ActiveCfg = Release|Any CPU
		{DE01F9C6-F353-421A-B6A9-BA5462972031}.Release|Any CPU.Build.0 = Release|Any CPU
	EndGlobalSection
	GlobalSection(SolutionProperties) = preSolution
		HideSolutionNode = FALSE
	EndGlobalSection
	GlobalSection(ExtensibilityGlobals) = postSolution
		SolutionGuid = {98D4A245-D6BA-4251-9914-DA687B4AF38F}
	EndGlobalSection
EndGlobal
