
Microsoft Visual Studio Solution File, Format Version 12.00
# Visual Studio Version 17
VisualStudioVersion = 17.7.34024.191
MinimumVisualStudioVersion = 10.0.40219.1
Project("{FAE04EC0-301F-11D3-BF4B-00C04F79EFBC}") = "last element of array", "last element of array.csproj", "{20F9588D-7D88-484F-A4CE-CDAF81E2891B}"
EndProject
Global
	GlobalSection(SolutionConfigurationPlatforms) = preSolution
		Debug|Any CPU = Debug|Any CPU
		Release|Any CPU = Release|Any CPU
	EndGlobalSection
	GlobalSection(ProjectConfigurationPlatforms) = postSolution
		{20F9588D-7D88-484F-A4CE-CDAF81E2891B}.Debug|Any CPU.ActiveCfg = Debug|Any CPU
		{20F9588D-7D88-484F-A4CE-CDAF81E2891B}.Debug|Any CPU.Build.0 = Debug|Any CPU
		{20F9588D-7D88-484F-A4CE-CDAF81E2891B}.Release|Any CPU.ActiveCfg = Release|Any CPU
		{20F9588D-7D88-484F-A4CE-CDAF81E2891B}.Release|Any CPU.Build.0 = Release|Any CPU
	EndGlobalSection
	GlobalSection(SolutionProperties) = preSolution
		HideSolutionNode = FALSE
	EndGlobalSection
	GlobalSection(ExtensibilityGlobals) = postSolution
		SolutionGuid = {E4E06D56-8E92-462F-BF5B-8437546EFA83}
	EndGlobalSection
EndGlobal
